
Microsoft Visual Studio Solution File, Format Version 12.00
# Visual Studio Version 16
VisualStudioVersion = 16.0.34601.136
MinimumVisualStudioVersion = 10.0.40219.1
Project("{8BC9CEB8-8B4A-11D0-8D11-00A0C91BC942}") = "spice3f5", "spice3f5.vcxproj", "{F39BAB8F-C03E-416F-B145-8E3391A7E699}"
EndProject
Global
	GlobalSection(SolutionConfigurationPlatforms) = preSolution
		Debug|x86 = Debug|x86
		Release|x86 = Release|x86
	EndGlobalSection
	GlobalSection(ProjectConfigurationPlatforms) = postSolution
		{F39BAB8F-C03E-416F-B145-8E3391A7E699}.Debug|x86.ActiveCfg = Debug|Win32
		{F39BAB8F-C03E-416F-B145-8E3391A7E699}.Debug|x86.Build.0 = Debug|Win32
		{F39BAB8F-C03E-416F-B145-8E3391A7E699}.Release|x86.ActiveCfg = Release|Win32
		{F39BAB8F-C03E-416F-B145-8E3391A7E699}.Release|x86.Build.0 = Release|Win32
	EndGlobalSection
	GlobalSection(SolutionProperties) = preSolution
		HideSolutionNode = FALSE
	EndGlobalSection
	GlobalSection(ExtensibilityGlobals) = postSolution
		SolutionGuid = {EDA4422F-0D71-453C-AC2D-DA1F61CC2313}
	EndGlobalSection
EndGlobal
